
Microsoft Visual Studio Solution File, Format Version 12.00
# Visual Studio Version 16
VisualStudioVersion = 16.0.31410.357
MinimumVisualStudioVersion = 10.0.40219.1
Project("{FAE04EC0-301F-11D3-BF4B-00C04F79EFBC}") = "Madlibs", "Madlibs\Madlibs.csproj", "{A1B3F31E-D387-49A6-A71E-7FC84D7CA5DD}"
EndProject
Global
	GlobalSection(SolutionConfigurationPlatforms) = preSolution
		Debug|Any CPU = Debug|Any CPU
		Release|Any CPU = Release|Any CPU
	EndGlobalSection
	GlobalSection(ProjectConfigurationPlatforms) = postSolution
		{A1B3F31E-D387-49A6-A71E-7FC84D7CA5DD}.Debug|Any CPU.ActiveCfg = Debug|Any CPU
		{A1B3F31E-D387-49A6-A71E-7FC84D7CA5DD}.Debug|Any CPU.Build.0 = Debug|Any CPU
		{A1B3F31E-D387-49A6-A71E-7FC84D7CA5DD}.Release|Any CPU.ActiveCfg = Release|Any CPU
		{A1B3F31E-D387-49A6-A71E-7FC84D7CA5DD}.Release|Any CPU.Build.0 = Release|Any CPU
	EndGlobalSection
	GlobalSection(SolutionProperties) = preSolution
		HideSolutionNode = FALSE
	EndGlobalSection
	GlobalSection(ExtensibilityGlobals) = postSolution
		SolutionGuid = {D3BCF851-7E61-4C4B-857D-77976438740D}
	EndGlobalSection
EndGlobal
